
Microsoft Visual Studio Solution File, Format Version 12.00
# Visual Studio Version 18
VisualStudioVersion = 18.4.11605.240 stable
MinimumVisualStudioVersion = 10.0.40219.1
Project("{FAE04EC0-301F-11D3-BF4B-00C04F79EFBC}") = "Jokempo", "Jokempo\Jokempo.csproj", "{F8A4F434-4031-4A3E-AF73-40A7422CB2D4}"
EndProject
Project("{FAE04EC0-301F-11D3-BF4B-00C04F79EFBC}") = "Jokempo.Core", "Jokempo.Core\Jokempo.Core.csproj", "{057AB981-C145-4F30-B038-68CA30B865ED}"
EndProject
Project("{FAE04EC0-301F-11D3-BF4B-00C04F79EFBC}") = "Jokempo.WinForm", "Jokempo.WinForm\Jokempo.WinForm.csproj", "{D4C906A3-FDB9-4873-A324-97F2A850E7E9}"
EndProject
Project("{2150E333-8FDC-42A3-9474-1A3956D46DE8}") = "Itens de Solução", "Itens de Solução", "{259606A6-9BA4-4381-8FF3-FA46B75010CB}"
	ProjectSection(SolutionItems) = preProject
		README.md = README.md
	EndProjectSection
EndProject
Global
	GlobalSection(SolutionConfigurationPlatforms) = preSolution
		Debug|Any CPU = Debug|Any CPU
		Release|Any CPU = Release|Any CPU
	EndGlobalSection
	GlobalSection(ProjectConfigurationPlatforms) = postSolution
		{F8A4F434-4031-4A3E-AF73-40A7422CB2D4}.Debug|Any CPU.ActiveCfg = Debug|Any CPU
		{F8A4F434-4031-4A3E-AF73-40A7422CB2D4}.Debug|Any CPU.Build.0 = Debug|Any CPU
		{F8A4F434-4031-4A3E-AF73-40A7422CB2D4}.Release|Any CPU.ActiveCfg = Release|Any CPU
		{F8A4F434-4031-4A3E-AF73-40A7422CB2D4}.Release|Any CPU.Build.0 = Release|Any CPU
		{057AB981-C145-4F30-B038-68CA30B865ED}.Debug|Any CPU.ActiveCfg = Debug|Any CPU
		{057AB981-C145-4F30-B038-68CA30B865ED}.Debug|Any CPU.Build.0 = Debug|Any CPU
		{057AB981-C145-4F30-B038-68CA30B865ED}.Release|Any CPU.ActiveCfg = Release|Any CPU
		{057AB981-C145-4F30-B038-68CA30B865ED}.Release|Any CPU.Build.0 = Release|Any CPU
		{D4C906A3-FDB9-4873-A324-97F2A850E7E9}.Debug|Any CPU.ActiveCfg = Debug|Any CPU
		{D4C906A3-FDB9-4873-A324-97F2A850E7E9}.Debug|Any CPU.Build.0 = Debug|Any CPU
		{D4C906A3-FDB9-4873-A324-97F2A850E7E9}.Release|Any CPU.ActiveCfg = Release|Any CPU
		{D4C906A3-FDB9-4873-A324-97F2A850E7E9}.Release|Any CPU.Build.0 = Release|Any CPU
	EndGlobalSection
	GlobalSection(SolutionProperties) = preSolution
		HideSolutionNode = FALSE
	EndGlobalSection
	GlobalSection(ExtensibilityGlobals) = postSolution
		SolutionGuid = {ACFD9ABF-F29F-4909-8CBD-B434B8A61600}
	EndGlobalSection
EndGlobal
